
Microsoft Visual Studio Solution File, Format Version 12.00
# Visual Studio Version 16
VisualStudioVersion = 16.0.30523.141
MinimumVisualStudioVersion = 10.0.40219.1
Project("{9A19103F-16F7-4668-BE54-9A1E7A4F7556}") = "TestLZW", "TestLZW\TestLZW.csproj", "{C41FF504-A76A-4A6E-BB60-79C2442F88D0}"
EndProject
Project("{9A19103F-16F7-4668-BE54-9A1E7A4F7556}") = "api", "api\api.csproj", "{F1A7E538-1105-4C3D-AFE4-31DCB12C724D}"
EndProject
Project("{FAE04EC0-301F-11D3-BF4B-00C04F79EFBC}") = "Compressors", "Compressors\Compressors.csproj", "{712BC49E-9E2D-4937-B86A-BF3D94678C24}"
EndProject
Global
	GlobalSection(SolutionConfigurationPlatforms) = preSolution
		Debug|Any CPU = Debug|Any CPU
		Release|Any CPU = Release|Any CPU
	EndGlobalSection
	GlobalSection(ProjectConfigurationPlatforms) = postSolution
		{C41FF504-A76A-4A6E-BB60-79C2442F88D0}.Debug|Any CPU.ActiveCfg = Debug|Any CPU
		{C41FF504-A76A-4A6E-BB60-79C2442F88D0}.Debug|Any CPU.Build.0 = Debug|Any CPU
		{C41FF504-A76A-4A6E-BB60-79C2442F88D0}.Release|Any CPU.ActiveCfg = Release|Any CPU
		{C41FF504-A76A-4A6E-BB60-79C2442F88D0}.Release|Any CPU.Build.0 = Release|Any CPU
		{F1A7E538-1105-4C3D-AFE4-31DCB12C724D}.Debug|Any CPU.ActiveCfg = Debug|Any CPU
		{F1A7E538-1105-4C3D-AFE4-31DCB12C724D}.Debug|Any CPU.Build.0 = Debug|Any CPU
		{F1A7E538-1105-4C3D-AFE4-31DCB12C724D}.Release|Any CPU.ActiveCfg = Release|Any CPU
		{F1A7E538-1105-4C3D-AFE4-31DCB12C724D}.Release|Any CPU.Build.0 = Release|Any CPU
		{712BC49E-9E2D-4937-B86A-BF3D94678C24}.Debug|Any CPU.ActiveCfg = Debug|Any CPU
		{712BC49E-9E2D-4937-B86A-BF3D94678C24}.Debug|Any CPU.Build.0 = Debug|Any CPU
		{712BC49E-9E2D-4937-B86A-BF3D94678C24}.Release|Any CPU.ActiveCfg = Release|Any CPU
		{712BC49E-9E2D-4937-B86A-BF3D94678C24}.Release|Any CPU.Build.0 = Release|Any CPU
	EndGlobalSection
	GlobalSection(SolutionProperties) = preSolution
		HideSolutionNode = FALSE
	EndGlobalSection
	GlobalSection(ExtensibilityGlobals) = postSolution
		SolutionGuid = {23BB84F1-6442-4151-BEE4-EA856078F61E}
	EndGlobalSection
EndGlobal
